lockfileVersion: '9.0'

settings:
  autoInstallPeers: true
  excludeLinksFromLockfile: false

importers:

  .:
    dependencies:
      '@ubjs/core':
        specifier: 0.31.0-5
        version: 0.31.0-5
    devDependencies:
      prettier:
        specifier: 3.6.2
        version: 3.6.2
      typescript:
        specifier: ~5.9.3
        version: 5.9.3
      typescript-language-server:
        specifier: 5.1.3
        version: 5.1.3

packages:

  '@ubjs/core@0.31.0-5':
    resolution: {integrity: sha512-oRBRtyYOhaodiOY3rLMZFgAHGFMmD44XefMpsAx4Ja0/rO+45kVdQB1VZsblQMLYxP965i3IHm56eymgo3I5eQ==}

  prettier@3.6.2:
    resolution: {integrity: sha512-I7AIg5boAr5R0FFtJ6rCfD+LFsWHp81dolrFD8S79U9tb8Az2nGrJncnMSnys+bpQJfRUzqs9hnA81OAA3hCuQ==}
    engines: {node: '>=14'}
    hasBin: true

  typescript-language-server@5.1.3:
    resolution: {integrity: sha512-r+pAcYtWdN8tKlYZPwiiHNA2QPjXnI02NrW5Sf2cVM3TRtuQ3V9EKKwOxqwaQ0krsaEXk/CbN90I5erBuf84Vg==}
    engines: {node: '>=20'}
    hasBin: true

  typescript@5.9.3:
    resolution: {integrity: sha512-jl1vZzPDinLr9eUt3J/t7V6FgNEw9QjvBPdysz9KfQDD41fQrC2Y4vKQdiaUpFT4bXlb1RHhLpp8wtm6M5TgSw==}
    engines: {node: '>=14.17'}
    hasBin: true

  vscode-jsonrpc@5.0.1:
    resolution: {integrity: sha512-JvONPptw3GAQGXlVV2utDcHx0BiY34FupW/kI6mZ5x06ER5DdPG/tXWMVHjTNULF5uKPOUUD0SaXg5QaubJL0A==}
    engines: {node: '>=8.0.0 || >=10.0.0'}

  vscode-jsonrpc@9.0.3:
    resolution: {integrity: sha512-qETYf9PCl1lVfwR+oBmMfc4vP2nqLNA35ABxorw3j06+xlKRgDVxbLgKm4Y/xPL0YWdeDjLoI4ImICIT3nB0zQ==}
    engines: {node: '>=14.0.0'}

  vscode-languageserver-protocol@3.18.4:
    resolution: {integrity: sha512-CCXbyr99dafRJzJH/0Ryk7ly5T8XPmSR0//OuF2w4m+9JiOin7zcAT5iET8GRE7Z9taFBejb3GbM0a0mbjdbrg==}

  vscode-languageserver-types@3.18.4:
    resolution: {integrity: sha512-nQsacoiijvl0fRf2q28uFDrAVwRhdCa3QveiF7/CX0r18mLR5FU/1WskSsCKOjmEbtteKUnY8x8Yzxop+k0zwg==}

snapshots:

  '@ubjs/core@0.31.0-5': {}

  prettier@3.6.2: {}

  typescript-language-server@5.1.3:
    dependencies:
      vscode-jsonrpc: 5.0.1
      vscode-languageserver-protocol: 3.18.4

  typescript@5.9.3: {}

  vscode-jsonrpc@5.0.1: {}

  vscode-jsonrpc@9.0.3: {}

  vscode-languageserver-protocol@3.18.4:
    dependencies:
      vscode-jsonrpc: 9.0.3
      vscode-languageserver-types: 3.18.4

  vscode-languageserver-types@3.18.4: {}
